// !$*UTF8*$!
{
	archiveVersion = 1;
	classes = {
	};
	objectVersion = 77;
	objects = {

/* Begin PBXBuildFile section */
		960A1256DEE31E76FC86A76F /* ChatUIState.swift in Sources */ = {isa = PBXBuildFile; fileRef = B4CC82914E097735E80417C0 /* ChatUIState.swift */; };
		2C4AD2A9657C5080FC8B467D /* City.swift in Sources */ = {isa = PBXBuildFile; fileRef = BC7BD09EB1055A454D95BE97 /* City.swift */; };
		B45026E0FC30AA532B8B4951 /* MarkdownExporter.swift in Sources */ = {isa = PBXBuildFile; fileRef = 2575FE02BC995302BB791077 /* MarkdownExporter.swift */; };
		D94873977E1F3387C0E193DB /* NetworkMonitor.swift in Sources */ = {isa = PBXBuildFile; fileRef = 120681F433EEB66A5DBEBBC9 /* NetworkMonitor.swift */; };
		5D2B999D692C4649BCE813F1 /* ReviewsService.swift in Sources */ = {isa = PBXBuildFile; fileRef = 9C1A8965C3343897E677CFF3 /* ReviewsService.swift */; };
		EAA744F457A4DF627B68DC3D /* ThemeService.swift in Sources */ = {isa = PBXBuildFile; fileRef = C5C2962966E1536D2C61C028 /* ThemeService.swift */; };
		6521611D855CC017B809200B /* AgentMessage.swift in Sources */ = {isa = PBXBuildFile; fileRef = 0BDF2964C023A404252A611B /* AgentMessage.swift */; };
		5C562677E6D6A368BB0584DB /* AgentRouter.swift in Sources */ = {isa = PBXBuildFile; fileRef = AB54CBFA8272A1F3DB5CA1C2 /* AgentRouter.swift */; };
		8E409194DF96067A1CB10F2A /* GuideAgent.swift in Sources */ = {isa = PBXBuildFile; fileRef = C6EF5BAD26F3CAC5C2242AFE /* GuideAgent.swift */; };
		4CFE20FE1D9C25B2A48860F5 /* IntentAgent.swift in Sources */ = {isa = PBXBuildFile; fileRef = A44AE7A1F44FE32AAE0F9659 /* IntentAgent.swift */; };
		02D1F2C1ECB04756D271E10D /* QueryAgent.swift in Sources */ = {isa = PBXBuildFile; fileRef = 068BA2C05BAF2975EC9F5621 /* QueryAgent.swift */; };
		1AB940CE31E425E516556E8B /* ContextManager.swift in Sources */ = {isa = PBXBuildFile; fileRef = 85F687420A07813771E34CE0 /* ContextManager.swift */; };
		AED6B1543E1AD8F1D3C342FF /* ObsidianTheme.swift in Sources */ = {isa = PBXBuildFile; fileRef = F6F3B9C418B73201CF7CEEF4 /* ObsidianTheme.swift */; };
		35803D998AE54C48BFAA56D1 /* SystemTheme.swift in Sources */ = {isa = PBXBuildFile; fileRef = 1AD0F3488EFA34587FF49BEE /* SystemTheme.swift */; };
		7A4AA83E8F04E9C85C34188F /* Theme.swift in Sources */ = {isa = PBXBuildFile; fileRef = 542BCC09AAEBC71176BDAEC9 /* Theme.swift */; };
		83A41D16DF6AC11633DE0209 /* MarkdownShareSheet.swift in Sources */ = {isa = PBXBuildFile; fileRef = 55CFA30C41609CF2DA81FCE8 /* MarkdownShareSheet.swift */; };
		A49C503CD8B0E49031827A0D /* BilingualCityRow.swift in Sources */ = {isa = PBXBuildFile; fileRef = 72A7008F6BBA954FD01E8E9C /* BilingualCityRow.swift */; };
		89FB8DDBC2B09F5B40C9E4DB /* ChatStateModifier.swift in Sources */ = {isa = PBXBuildFile; fileRef = D81733C55E8314B57E553AD2 /* ChatStateModifier.swift */; };
		5245D8E2A4B04B19178D4F7A /* GlassmorphismCapsule.swift in Sources */ = {isa = PBXBuildFile; fileRef = 0733F179C218E51700597111 /* GlassmorphismCapsule.swift */; };
		A670A5BE78C7ED4BA9886F11 /* OfflineBanner.swift in Sources */ = {isa = PBXBuildFile; fileRef = EA420D113E22395EA8F11E5E /* OfflineBanner.swift */; };
		79E3EA140DF95092CBAF8CEB /* SkeletonView.swift in Sources */ = {isa = PBXBuildFile; fileRef = 7E521A0833E2461094596AB5 /* SkeletonView.swift */; };
		1295EB5B90A5734BD397C40A /* SoloScoreRadarChart.swift in Sources */ = {isa = PBXBuildFile; fileRef = 4689341F67FAE11B7AF829AD /* SoloScoreRadarChart.swift */; };
		DBEC17731243CFE7D90ABFCB /* VoiceWaveformView.swift in Sources */ = {isa = PBXBuildFile; fileRef = 56433BE851B3E118061AF4F2 /* VoiceWaveformView.swift */; };
		C52D82EC8D2D8EEC35CA3F3F /* AgentTests.swift in Sources */ = {isa = PBXBuildFile; fileRef = 722172BA03722DB8F3C9241A /* AgentTests.swift */; };
		45F2E0D8E021314115A11BD8 /* PerformanceTests.swift in Sources */ = {isa = PBXBuildFile; fileRef = 350DB274BD845321C4DD7154 /* PerformanceTests.swift */; };
		0A830B26D4A18948D16F3A42 /* Experience.swift in Sources */ = {isa = PBXBuildFile; fileRef = C1C97F8159A6FA7953D28DAB /* Experience.swift */; };
		0EAA3D2EEA89D212150A6B57 /* ExploreConsentSheet.swift in Sources */ = {isa = PBXBuildFile; fileRef = 5AB8B58A4F608F9951CBDF3C /* ExploreConsentSheet.swift */; };
		116FF0278F882D45402B0E78 /* ExperienceRecord.swift in Sources */ = {isa = PBXBuildFile; fileRef = E03076AD221F78BBDE981C3A /* ExperienceRecord.swift */; };
		13E5AEAEE5194DDB79AE92AC /* SoloCompassModelContainer.swift in Sources */ = {isa = PBXBuildFile; fileRef = A5435FBA9527C07A9FB07D46 /* SoloCompassModelContainer.swift */; };
		15A48470CBEBB6D31C2201D9 /* Configuration.storekit in Resources */ = {isa = PBXBuildFile; fileRef = D4C10384834D53FE83113D51 /* Configuration.storekit */; };
		18D372538603D7A46EE6C86F /* FeatureFlags.swift in Sources */ = {isa = PBXBuildFile; fileRef = 79B73212B8F704EABD27EF5B /* FeatureFlags.swift */; };
		193FE8EBE03520DF740EE78D /* PaywallView.swift in Sources */ = {isa = PBXBuildFile; fileRef = B92F9A65ACFD3B9518A364B0 /* PaywallView.swift */; };
		1BF34EAE036021423C1ACE2D /* ExploreCacheRecord.swift in Sources */ = {isa = PBXBuildFile; fileRef = A1F76E8EBB87A2F70FEA1BB0 /* ExploreCacheRecord.swift */; };
		1D8CCDA07285B75840FCF194 /* AppleSignInService.swift in Sources */ = {isa = PBXBuildFile; fileRef = 42FC5ADBFDDA89BC42C8748D /* AppleSignInService.swift */; };
		214AF641496E8E50E3EC5FE4 /* MicroSurveySheet.swift in Sources */ = {isa = PBXBuildFile; fileRef = 2DA6E405C780A5A12A9FC1D6 /* MicroSurveySheet.swift */; };
		219718C8521B1013D17AE22F /* UserCompletionRecord.swift in Sources */ = {isa = PBXBuildFile; fileRef = B3CC4BB6965F17D1B62F01A1 /* UserCompletionRecord.swift */; };
		23B40396E9D7B59CB71FBCD9 /* LocationCard.swift in Sources */ = {isa = PBXBuildFile; fileRef = 8509E525DD268E88ED3AD4FD /* LocationCard.swift */; };
		240FFFC4A2B2B8F941129783 /* ConfidenceBadge.swift in Sources */ = {isa = PBXBuildFile; fileRef = EC8F9EFD56A2C839428AA92D /* ConfidenceBadge.swift */; };
		28E3EB1BFFB0A73A1C56FD54 /* MarkerIconView.swift in Sources */ = {isa = PBXBuildFile; fileRef = 0E0157D30FF53B21FF31D519 /* MarkerIconView.swift */; };
		297541149234668D12EAF272 /* FilterBarView.swift in Sources */ = {isa = PBXBuildFile; fileRef = 3C9A1F22AAE512199548C269 /* FilterBarView.swift */; };
		31F9538643C362D7EEF64C6B /* LocationService.swift in Sources */ = {isa = PBXBuildFile; fileRef = 2C7919EAFDE363B49C4B4C47 /* LocationService.swift */; };
		391D6B5C48997AD74F367C0C /* GeneratedSecrets.swift in Sources */ = {isa = PBXBuildFile; fileRef = 5642EDC714993C8EE0ECDD83 /* GeneratedSecrets.swift */; };
		42E436DB35CF90AD3E43083E /* DeviceIdentityService.swift in Sources */ = {isa = PBXBuildFile; fileRef = CF9D63763EFB0BE589EA0470 /* DeviceIdentityService.swift */; };
		464746A44182622D4F617462 /* AIUsageRecord.swift in Sources */ = {isa = PBXBuildFile; fileRef = 001EB4B0431ADF64A02B47F8 /* AIUsageRecord.swift */; };
		48DF93F42CDDB1329B038865 /* KeychainStore.swift in Sources */ = {isa = PBXBuildFile; fileRef = 6556C23BF1B228BF686C5500 /* KeychainStore.swift */; };
		50140E7D5FFAC2588C141A3F /* Supabase in Frameworks */ = {isa = PBXBuildFile; productRef = EE5F70FDF5F3A929496EC981 /* Supabase */; };
		54952646C79E8F29AF89F4D6 /* VoiceAgentToolRouter.swift in Sources */ = {isa = PBXBuildFile; fileRef = 20208D92E4F564C474E8AEED /* VoiceAgentToolRouter.swift */; };
		561418100F2F7D4D88DE1BC4 /* MessageBubble.swift in Sources */ = {isa = PBXBuildFile; fileRef = 086B3C207483BA0EBD27451F /* MessageBubble.swift */; };
		56F3055416F4A5316100F9B2 /* ExperienceCardView.swift in Sources */ = {isa = PBXBuildFile; fileRef = 363714672D8A0FA8F7C39887 /* ExperienceCardView.swift */; };
		58B7C9B20945838F81081941 /* SettingsView.swift in Sources */ = {isa = PBXBuildFile; fileRef = C14A22A40550CF207AB36C18 /* SettingsView.swift */; };
		5C05B87EA78458094612AC01 /* BottomInfoBar.swift in Sources */ = {isa = PBXBuildFile; fileRef = 13350B81187FB64B252B8A46 /* BottomInfoBar.swift */; };
		62BB74EC16B92899A9A6A44C /* ReverseGeocodeService.swift in Sources */ = {isa = PBXBuildFile; fileRef = 64BDF8B4B7CC82F3845C5068 /* ReverseGeocodeService.swift */; };
		641D80BD116D6F255A9ED26A /* PendingSyncRecord.swift in Sources */ = {isa = PBXBuildFile; fileRef = 81A92E0AE1868C3A165F3E95 /* PendingSyncRecord.swift */; };
		7C14629A3FAB31975BFBB0A6 /* ExperienceRepository.swift in Sources */ = {isa = PBXBuildFile; fileRef = A250916F91C8EF0BE90DF763 /* ExperienceRepository.swift */; };
		7D2B6DE6C27E0307CA998A5F /* CityPickerSheet.swift in Sources */ = {isa = PBXBuildFile; fileRef = 873ACB737A9B43254C17B238 /* CityPickerSheet.swift */; };
		86F4628473C2D520D4C2FFFB /* SoloScoreBadge.swift in Sources */ = {isa = PBXBuildFile; fileRef = EB579F3F4EBBA014AA306DD1 /* SoloScoreBadge.swift */; };
		8B4F2A6E8F3C6EAD0F9A8E32 /* PrivacyInfo.xcprivacy in Resources */ = {isa = PBXBuildFile; fileRef = EA0858036CFEA9774139AFD7 /* PrivacyInfo.xcprivacy */; };
		953C7BD48AF4AF55608145A6 /* LanguageService.swift in Sources */ = {isa = PBXBuildFile; fileRef = 87002BB6D344B384A3FDFBFD /* LanguageService.swift */; };
		9C8CC563D33FDBB3DF57A841 /* RecentExploreRegion.swift in Sources */ = {isa = PBXBuildFile; fileRef = 9748B0A808BC06F6EDED3C3B /* RecentExploreRegion.swift */; };
		A84320715E7CBDA91FC3F26F /* ExperienceDetailViewModel.swift in Sources */ = {isa = PBXBuildFile; fileRef = 5CE16BF3B189BB0F17E4CE92 /* ExperienceDetailViewModel.swift */; };
		AA75B3147A29FDA55E61B24A /* PendingCheckInBanner.swift in Sources */ = {isa = PBXBuildFile; fileRef = 130B51007552B26F3C1D1AE0 /* PendingCheckInBanner.swift */; };
		ACBA4CEE6B78AA04DBD26709 /* PendingCheckInRecord.swift in Sources */ = {isa = PBXBuildFile; fileRef = 5CA0BAEC05B72704552C0906 /* PendingCheckInRecord.swift */; };
		B28F15C454376D86258FCD77 /* OverpassService.swift in Sources */ = {isa = PBXBuildFile; fileRef = 67173C74F1A76C3CE5C38C0A /* OverpassService.swift */; };
		B478C92BB2249C0D5009AABD /* SyncService.swift in Sources */ = {isa = PBXBuildFile; fileRef = 6163572F4644BF852B35FDA4 /* SyncService.swift */; };
		B7366111257111EC98F4A0C4 /* ChatSheet.swift in Sources */ = {isa = PBXBuildFile; fileRef = F9263FC2737FA209F3CD4B5E /* ChatSheet.swift */; };
		BA0DD7D5C46016E81A23B2B4 /* ChatInputBar.swift in Sources */ = {isa = PBXBuildFile; fileRef = B88D9F377D7AF634DAE07A3E /* ChatInputBar.swift */; };
		BAC775E6105DD571F71ACBC1 /* Localizable.strings in Resources */ = {isa = PBXBuildFile; fileRef = 80020844C0A45A5993333741 /* Localizable.strings */; };
		BB0BC19A9BE687E947C48034 /* VoiceAgentOrchestrator.swift in Sources */ = {isa = PBXBuildFile; fileRef = 94EF0AA0049BDCC88E125164 /* VoiceAgentOrchestrator.swift */; };
		BCD734EA6E4D5CE922D0621D /* SubscriptionService.swift in Sources */ = {isa = PBXBuildFile; fileRef = 33B8A80F048D74BEDB8C1132 /* SubscriptionService.swift */; };
		BD5BB6BD7FCBDB30282F28FA /* VoiceButton.swift in Sources */ = {isa = PBXBuildFile; fileRef = 9E8ABF85EEFDF9969C94B441 /* VoiceButton.swift */; };
		C21906307DCC96E5B2583BFE /* CompassMapView.swift in Sources */ = {isa = PBXBuildFile; fileRef = BA6A3144D85CDAD01FA0FECB /* CompassMapView.swift */; };
		C220FEC091B645D82519465E /* VoiceAgentSession.swift in Sources */ = {isa = PBXBuildFile; fileRef = 112319E8315F5F6961C95264 /* VoiceAgentSession.swift */; };
		C2C0AF72D709EDC17C6ED874 /* UserPreferences.swift in Sources */ = {isa = PBXBuildFile; fileRef = F63FDD874A8F533F0717132A /* UserPreferences.swift */; };
		C306F7501DA85110BE3C85B5 /* NavigationLauncher.swift in Sources */ = {isa = PBXBuildFile; fileRef = D07ACA7C1A1574A244E73796 /* NavigationLauncher.swift */; };
		C53DB60CA9E95907A2CBF2C0 /* NotificationService.swift in Sources */ = {isa = PBXBuildFile; fileRef = C215AE07BA32182A887226F9 /* NotificationService.swift */; };
		C735986DAC69807F27CC0E39 /* FeatureFlags.plist in Resources */ = {isa = PBXBuildFile; fileRef = 409FB4B0922C4A1D8AAEB1D1 /* FeatureFlags.plist */; };
		C7F4A9BD252AC60BDBD74585 /* MicroSurveyRecord.swift in Sources */ = {isa = PBXBuildFile; fileRef = 23043E51C493093CF7244629 /* MicroSurveyRecord.swift */; };
		C81007F6A39364D0872736B2 /* OnboardingView.swift in Sources */ = {isa = PBXBuildFile; fileRef = C660F7996B1E4387C37720B3 /* OnboardingView.swift */; };
		CE1A6A1D5EB25B2BEA5B29DA /* MapViewModel.swift in Sources */ = {isa = PBXBuildFile; fileRef = FAFFA243BC698EF20C6BC1EF /* MapViewModel.swift */; };
		CF8B2BDE6D707CE2537C8688 /* ExperienceDetailView.swift in Sources */ = {isa = PBXBuildFile; fileRef = D5B8BA7FFBD93A01E54B7E4A /* ExperienceDetailView.swift */; };
		D4193263CDA544D0995749B0 /* NavigationLauncherTests.swift in Sources */ = {isa = PBXBuildFile; fileRef = F7FB43528F45882868CCC203 /* NavigationLauncherTests.swift */; };
		D53E53A5AA9AE6F77EF82418 /* UserFavoriteRecord.swift in Sources */ = {isa = PBXBuildFile; fileRef = 791CBEDE09220728AD52AAAD /* UserFavoriteRecord.swift */; };
		D699D4E3E20FE7A7C0ED7E66 /* AIService.swift in Sources */ = {isa = PBXBuildFile; fileRef = F4814DBCEAB5975B6338558D /* AIService.swift */; };
		D7CC906B358ED5337880A942 /* seed_experiences.json in Resources */ = {isa = PBXBuildFile; fileRef = 61ED51ACFDCE6E0ED274BB60 /* seed_experiences.json */; };
		E0DDDA434921159DDD70F035 /* Assets.xcassets in Resources */ = {isa = PBXBuildFile; fileRef = 4442EDB5CE3602DA3EA32725 /* Assets.xcassets */; };
		E5F463CE3CE822F7F96CA82C /* SoloCompassApp.swift in Sources */ = {isa = PBXBuildFile; fileRef = E71DE291BE5569E719413B74 /* SoloCompassApp.swift */; };
		E7B5B022519434F7C07818CF /* ExperienceService.swift in Sources */ = {isa = PBXBuildFile; fileRef = 12F087E4FA7161529378098C /* ExperienceService.swift */; };
		E881A71769542A7C58CF5D10 /* FavoritesListView.swift in Sources */ = {isa = PBXBuildFile; fileRef = C5C3BA25EFA9F149FB4FAAB3 /* FavoritesListView.swift */; };
		EBE1ACB7D574EE000B028B23 /* SoloCompassTests.swift in Sources */ = {isa = PBXBuildFile; fileRef = ED3CB5045CE59A613B5CAAF5 /* SoloCompassTests.swift */; };
		EC5A75D4BC8E0C767D06C424 /* SupabaseClient.swift in Sources */ = {isa = PBXBuildFile; fileRef = E406C379247653B4AA5A3E0E /* SupabaseClient.swift */; };
		EDBD7B0E715165E71BC0C17D /* DiscoveredCityRecord.swift in Sources */ = {isa = PBXBuildFile; fileRef = CE05EF69960CBB73431A6F2F /* DiscoveredCityRecord.swift */; };
		EF2003CC07F7787C25847BDF /* ReportIssueSheet.swift in Sources */ = {isa = PBXBuildFile; fileRef = 576B08910782A58C3597E596 /* ReportIssueSheet.swift */; };
		F34C1A42668EF5151AFEE3C3 /* AISynthesisCacheRecord.swift in Sources */ = {isa = PBXBuildFile; fileRef = E7E69F3EF6F0100CFA47DAFE /* AISynthesisCacheRecord.swift */; };
		F5677DCF081E506C7E32243F /* VoiceService.swift in Sources */ = {isa = PBXBuildFile; fileRef = 120FC7465285714C5FA8F96D /* VoiceService.swift */; };
		FA8584E1511404B374B57E66 /* ExploreProgressBar.swift in Sources */ = {isa = PBXBuildFile; fileRef = 0A0997D8150E77F70A4B8C64 /* ExploreProgressBar.swift */; };
		FBE9F5951D501A611EB19EEC /* SecretsRuntime.swift in Sources */ = {isa = PBXBuildFile; fileRef = 1FA8C8BF234F3C74D0D8A9BD /* SecretsRuntime.swift */; };
/* End PBXBuildFile section */

/* Begin PBXContainerItemProxy section */
		2C6D32C9538461241D786D7D /* PBXContainerItemProxy */ = {
			isa = PBXContainerItemProxy;
			containerPortal = 75685F3A029520F918427CD0 /* Project object */;
			proxyType = 1;
			remoteGlobalIDString = 54773438FB1E1E9F2C8DF91C;
			remoteInfo = SoloCompass;
		};
/* End PBXContainerItemProxy section */

/* Begin PBXFileReference section */
		001EB4B0431ADF64A02B47F8 /* AIUsageRecord.swift */ = {isa = PBXFileReference; lastKnownFileType = sourcecode.swift; path = AIUsageRecord.swift; sourceTree = "<group>"; };
		B4CC82914E097735E80417C0 /* ChatUIState.swift */ = {isa = PBXFileReference; lastKnownFileType = sourcecode.swift; path = ChatUIState.swift; sourceTree = "<group>"; };
		BC7BD09EB1055A454D95BE97 /* City.swift */ = {isa = PBXFileReference; lastKnownFileType = sourcecode.swift; path = City.swift; sourceTree = "<group>"; };
		2575FE02BC995302BB791077 /* MarkdownExporter.swift */ = {isa = PBXFileReference; lastKnownFileType = sourcecode.swift; path = MarkdownExporter.swift; sourceTree = "<group>"; };
		120681F433EEB66A5DBEBBC9 /* NetworkMonitor.swift */ = {isa = PBXFileReference; lastKnownFileType = sourcecode.swift; path = NetworkMonitor.swift; sourceTree = "<group>"; };
		9C1A8965C3343897E677CFF3 /* ReviewsService.swift */ = {isa = PBXFileReference; lastKnownFileType = sourcecode.swift; path = ReviewsService.swift; sourceTree = "<group>"; };
		C5C2962966E1536D2C61C028 /* ThemeService.swift */ = {isa = PBXFileReference; lastKnownFileType = sourcecode.swift; path = ThemeService.swift; sourceTree = "<group>"; };
		0BDF2964C023A404252A611B /* AgentMessage.swift */ = {isa = PBXFileReference; lastKnownFileType = sourcecode.swift; path = AgentMessage.swift; sourceTree = "<group>"; };
		AB54CBFA8272A1F3DB5CA1C2 /* AgentRouter.swift */ = {isa = PBXFileReference; lastKnownFileType = sourcecode.swift; path = AgentRouter.swift; sourceTree = "<group>"; };
		C6EF5BAD26F3CAC5C2242AFE /* GuideAgent.swift */ = {isa = PBXFileReference; lastKnownFileType = sourcecode.swift; path = GuideAgent.swift; sourceTree = "<group>"; };
		A44AE7A1F44FE32AAE0F9659 /* IntentAgent.swift */ = {isa = PBXFileReference; lastKnownFileType = sourcecode.swift; path = IntentAgent.swift; sourceTree = "<group>"; };
		068BA2C05BAF2975EC9F5621 /* QueryAgent.swift */ = {isa = PBXFileReference; lastKnownFileType = sourcecode.swift; path = QueryAgent.swift; sourceTree = "<group>"; };
		85F687420A07813771E34CE0 /* ContextManager.swift */ = {isa = PBXFileReference; lastKnownFileType = sourcecode.swift; path = ContextManager.swift; sourceTree = "<group>"; };
		F6F3B9C418B73201CF7CEEF4 /* ObsidianTheme.swift */ = {isa = PBXFileReference; lastKnownFileType = sourcecode.swift; path = ObsidianTheme.swift; sourceTree = "<group>"; };
		1AD0F3488EFA34587FF49BEE /* SystemTheme.swift */ = {isa = PBXFileReference; lastKnownFileType = sourcecode.swift; path = SystemTheme.swift; sourceTree = "<group>"; };
		542BCC09AAEBC71176BDAEC9 /* Theme.swift */ = {isa = PBXFileReference; lastKnownFileType = sourcecode.swift; path = Theme.swift; sourceTree = "<group>"; };
		55CFA30C41609CF2DA81FCE8 /* MarkdownShareSheet.swift */ = {isa = PBXFileReference; lastKnownFileType = sourcecode.swift; path = MarkdownShareSheet.swift; sourceTree = "<group>"; };
		72A7008F6BBA954FD01E8E9C /* BilingualCityRow.swift */ = {isa = PBXFileReference; lastKnownFileType = sourcecode.swift; path = BilingualCityRow.swift; sourceTree = "<group>"; };
		D81733C55E8314B57E553AD2 /* ChatStateModifier.swift */ = {isa = PBXFileReference; lastKnownFileType = sourcecode.swift; path = ChatStateModifier.swift; sourceTree = "<group>"; };
		0733F179C218E51700597111 /* GlassmorphismCapsule.swift */ = {isa = PBXFileReference; lastKnownFileType = sourcecode.swift; path = GlassmorphismCapsule.swift; sourceTree = "<group>"; };
		EA420D113E22395EA8F11E5E /* OfflineBanner.swift */ = {isa = PBXFileReference; lastKnownFileType = sourcecode.swift; path = OfflineBanner.swift; sourceTree = "<group>"; };
		7E521A0833E2461094596AB5 /* SkeletonView.swift */ = {isa = PBXFileReference; lastKnownFileType = sourcecode.swift; path = SkeletonView.swift; sourceTree = "<group>"; };
		4689341F67FAE11B7AF829AD /* SoloScoreRadarChart.swift */ = {isa = PBXFileReference; lastKnownFileType = sourcecode.swift; path = SoloScoreRadarChart.swift; sourceTree = "<group>"; };
		56433BE851B3E118061AF4F2 /* VoiceWaveformView.swift */ = {isa = PBXFileReference; lastKnownFileType = sourcecode.swift; path = VoiceWaveformView.swift; sourceTree = "<group>"; };
		722172BA03722DB8F3C9241A /* AgentTests.swift */ = {isa = PBXFileReference; lastKnownFileType = sourcecode.swift; path = AgentTests.swift; sourceTree = "<group>"; };
		350DB274BD845321C4DD7154 /* PerformanceTests.swift */ = {isa = PBXFileReference; lastKnownFileType = sourcecode.swift; path = PerformanceTests.swift; sourceTree = "<group>"; };
		086B3C207483BA0EBD27451F /* MessageBubble.swift */ = {isa = PBXFileReference; lastKnownFileType = sourcecode.swift; path = MessageBubble.swift; sourceTree = "<group>"; };
		0A0997D8150E77F70A4B8C64 /* ExploreProgressBar.swift */ = {isa = PBXFileReference; lastKnownFileType = sourcecode.swift; path = ExploreProgressBar.swift; sourceTree = "<group>"; };
		0E0157D30FF53B21FF31D519 /* MarkerIconView.swift */ = {isa = PBXFileReference; lastKnownFileType = sourcecode.swift; path = MarkerIconView.swift; sourceTree = "<group>"; };
		112319E8315F5F6961C95264 /* VoiceAgentSession.swift */ = {isa = PBXFileReference; lastKnownFileType = sourcecode.swift; path = VoiceAgentSession.swift; sourceTree = "<group>"; };
		120FC7465285714C5FA8F96D /* VoiceService.swift */ = {isa = PBXFileReference; lastKnownFileType = sourcecode.swift; path = VoiceService.swift; sourceTree = "<group>"; };
		12F087E4FA7161529378098C /* ExperienceService.swift */ = {isa = PBXFileReference; lastKnownFileType = sourcecode.swift; path = ExperienceService.swift; sourceTree = "<group>"; };
		130B51007552B26F3C1D1AE0 /* PendingCheckInBanner.swift */ = {isa = PBXFileReference; lastKnownFileType = sourcecode.swift; path = PendingCheckInBanner.swift; sourceTree = "<group>"; };
		13350B81187FB64B252B8A46 /* BottomInfoBar.swift */ = {isa = PBXFileReference; lastKnownFileType = sourcecode.swift; path = BottomInfoBar.swift; sourceTree = "<group>"; };
		1FA8C8BF234F3C74D0D8A9BD /* SecretsRuntime.swift */ = {isa = PBXFileReference; lastKnownFileType = sourcecode.swift; path = SecretsRuntime.swift; sourceTree = "<group>"; };
		20208D92E4F564C474E8AEED /* VoiceAgentToolRouter.swift */ = {isa = PBXFileReference; lastKnownFileType = sourcecode.swift; path = VoiceAgentToolRouter.swift; sourceTree = "<group>"; };
		23043E51C493093CF7244629 /* MicroSurveyRecord.swift */ = {isa = PBXFileReference; lastKnownFileType = sourcecode.swift; path = MicroSurveyRecord.swift; sourceTree = "<group>"; };
		2C7919EAFDE363B49C4B4C47 /* LocationService.swift */ = {isa = PBXFileReference; lastKnownFileType = sourcecode.swift; path = LocationService.swift; sourceTree = "<group>"; };
		2DA6E405C780A5A12A9FC1D6 /* MicroSurveySheet.swift */ = {isa = PBXFileReference; lastKnownFileType = sourcecode.swift; path = MicroSurveySheet.swift; sourceTree = "<group>"; };
		33B8A80F048D74BEDB8C1132 /* SubscriptionService.swift */ = {isa = PBXFileReference; lastKnownFileType = sourcecode.swift; path = SubscriptionService.swift; sourceTree = "<group>"; };
		363714672D8A0FA8F7C39887 /* ExperienceCardView.swift */ = {isa = PBXFileReference; lastKnownFileType = sourcecode.swift; path = ExperienceCardView.swift; sourceTree = "<group>"; };
		3C9A1F22AAE512199548C269 /* FilterBarView.swift */ = {isa = PBXFileReference; lastKnownFileType = sourcecode.swift; path = FilterBarView.swift; sourceTree = "<group>"; };
		402644EEDBCD7DD3658E6DD5 /* zh-Hans */ = {isa = PBXFileReference; lastKnownFileType = text.plist.strings; name = "zh-Hans"; path = "zh-Hans.lproj/Localizable.strings"; sourceTree = "<group>"; };
		409FB4B0922C4A1D8AAEB1D1 /* FeatureFlags.plist */ = {isa = PBXFileReference; lastKnownFileType = text.plist; path = FeatureFlags.plist; sourceTree = "<group>"; };
		42FC5ADBFDDA89BC42C8748D /* AppleSignInService.swift */ = {isa = PBXFileReference; lastKnownFileType = sourcecode.swift; path = AppleSignInService.swift; sourceTree = "<group>"; };
		4442EDB5CE3602DA3EA32725 /* Assets.xcassets */ = {isa = PBXFileReference; lastKnownFileType = folder.assetcatalog; path = Assets.xcassets; sourceTree = "<group>"; };
		5642EDC714993C8EE0ECDD83 /* GeneratedSecrets.swift */ = {isa = PBXFileReference; lastKnownFileType = sourcecode.swift; path = GeneratedSecrets.swift; sourceTree = "<group>"; };
		576B08910782A58C3597E596 /* ReportIssueSheet.swift */ = {isa = PBXFileReference; lastKnownFileType = sourcecode.swift; path = ReportIssueSheet.swift; sourceTree = "<group>"; };
		5AB8B58A4F608F9951CBDF3C /* ExploreConsentSheet.swift */ = {isa = PBXFileReference; lastKnownFileType = sourcecode.swift; path = ExploreConsentSheet.swift; sourceTree = "<group>"; };
		5CA0BAEC05B72704552C0906 /* PendingCheckInRecord.swift */ = {isa = PBXFileReference; lastKnownFileType = sourcecode.swift; path = PendingCheckInRecord.swift; sourceTree = "<group>"; };
		5CE16BF3B189BB0F17E4CE92 /* ExperienceDetailViewModel.swift */ = {isa = PBXFileReference; lastKnownFileType = sourcecode.swift; path = ExperienceDetailViewModel.swift; sourceTree = "<group>"; };
		6163572F4644BF852B35FDA4 /* SyncService.swift */ = {isa = PBXFileReference; lastKnownFileType = sourcecode.swift; path = SyncService.swift; sourceTree = "<group>"; };
		61ED51ACFDCE6E0ED274BB60 /* seed_experiences.json */ = {isa = PBXFileReference; lastKnownFileType = text.json; path = seed_experiences.json; sourceTree = "<group>"; };
		64BDF8B4B7CC82F3845C5068 /* ReverseGeocodeService.swift */ = {isa = PBXFileReference; lastKnownFileType = sourcecode.swift; path = ReverseGeocodeService.swift; sourceTree = "<group>"; };
		6556C23BF1B228BF686C5500 /* KeychainStore.swift */ = {isa = PBXFileReference; lastKnownFileType = sourcecode.swift; path = KeychainStore.swift; sourceTree = "<group>"; };
		67173C74F1A76C3CE5C38C0A /* OverpassService.swift */ = {isa = PBXFileReference; lastKnownFileType = sourcecode.swift; path = OverpassService.swift; sourceTree = "<group>"; };
		6C5CA5533D846B39EF16CDFA /* en */ = {isa = PBXFileReference; lastKnownFileType = text.plist.strings; name = en; path = en.lproj/Localizable.strings; sourceTree = "<group>"; };
		791CBEDE09220728AD52AAAD /* UserFavoriteRecord.swift */ = {isa = PBXFileReference; lastKnownFileType = sourcecode.swift; path = UserFavoriteRecord.swift; sourceTree = "<group>"; };
		79B73212B8F704EABD27EF5B /* FeatureFlags.swift */ = {isa = PBXFileReference; lastKnownFileType = sourcecode.swift; path = FeatureFlags.swift; sourceTree = "<group>"; };
		81A92E0AE1868C3A165F3E95 /* PendingSyncRecord.swift */ = {isa = PBXFileReference; lastKnownFileType = sourcecode.swift; path = PendingSyncRecord.swift; sourceTree = "<group>"; };
		8509E525DD268E88ED3AD4FD /* LocationCard.swift */ = {isa = PBXFileReference; lastKnownFileType = sourcecode.swift; path = LocationCard.swift; sourceTree = "<group>"; };
		87002BB6D344B384A3FDFBFD /* LanguageService.swift */ = {isa = PBXFileReference; lastKnownFileType = sourcecode.swift; path = LanguageService.swift; sourceTree = "<group>"; };
		873ACB737A9B43254C17B238 /* CityPickerSheet.swift */ = {isa = PBXFileReference; lastKnownFileType = sourcecode.swift; path = CityPickerSheet.swift; sourceTree = "<group>"; };
		8FDFA5F3503B8ABC4B5CB086 /* SoloCompassTests.xctest */ = {isa = PBXFileReference; includeInIndex = 0; lastKnownFileType = wrapper.cfbundle; path = SoloCompassTests.xctest; sourceTree = BUILT_PRODUCTS_DIR; };
		94EF0AA0049BDCC88E125164 /* VoiceAgentOrchestrator.swift */ = {isa = PBXFileReference; lastKnownFileType = sourcecode.swift; path = VoiceAgentOrchestrator.swift; sourceTree = "<group>"; };
		9748B0A808BC06F6EDED3C3B /* RecentExploreRegion.swift */ = {isa = PBXFileReference; lastKnownFileType = sourcecode.swift; path = RecentExploreRegion.swift; sourceTree = "<group>"; };
		9945A4E03F4C75ED89674594 /* SoloCompass.app */ = {isa = PBXFileReference; includeInIndex = 0; lastKnownFileType = wrapper.application; path = SoloCompass.app; sourceTree = BUILT_PRODUCTS_DIR; };
		9E8ABF85EEFDF9969C94B441 /* VoiceButton.swift */ = {isa = PBXFileReference; lastKnownFileType = sourcecode.swift; path = VoiceButton.swift; sourceTree = "<group>"; };
		A1F76E8EBB87A2F70FEA1BB0 /* ExploreCacheRecord.swift */ = {isa = PBXFileReference; lastKnownFileType = sourcecode.swift; path = ExploreCacheRecord.swift; sourceTree = "<group>"; };
		A250916F91C8EF0BE90DF763 /* ExperienceRepository.swift */ = {isa = PBXFileReference; lastKnownFileType = sourcecode.swift; path = ExperienceRepository.swift; sourceTree = "<group>"; };
		A5435FBA9527C07A9FB07D46 /* SoloCompassModelContainer.swift */ = {isa = PBXFileReference; lastKnownFileType = sourcecode.swift; path = SoloCompassModelContainer.swift; sourceTree = "<group>"; };
		AB46D6F6F8942CD390A5CCF4 /* SoloCompass.entitlements */ = {isa = PBXFileReference; lastKnownFileType = text.plist.entitlements; path = SoloCompass.entitlements; sourceTree = "<group>"; };
		B3CC4BB6965F17D1B62F01A1 /* UserCompletionRecord.swift */ = {isa = PBXFileReference; lastKnownFileType = sourcecode.swift; path = UserCompletionRecord.swift; sourceTree = "<group>"; };
		B88D9F377D7AF634DAE07A3E /* ChatInputBar.swift */ = {isa = PBXFileReference; lastKnownFileType = sourcecode.swift; path = ChatInputBar.swift; sourceTree = "<group>"; };
		B92F9A65ACFD3B9518A364B0 /* PaywallView.swift */ = {isa = PBXFileReference; lastKnownFileType = sourcecode.swift; path = PaywallView.swift; sourceTree = "<group>"; };
		BA6A3144D85CDAD01FA0FECB /* CompassMapView.swift */ = {isa = PBXFileReference; lastKnownFileType = sourcecode.swift; path = CompassMapView.swift; sourceTree = "<group>"; };
		BC185539C95D5D940693BCB7 /* Info.plist */ = {isa = PBXFileReference; lastKnownFileType = text.plist; path = Info.plist; sourceTree = "<group>"; };
		C14A22A40550CF207AB36C18 /* SettingsView.swift */ = {isa = PBXFileReference; lastKnownFileType = sourcecode.swift; path = SettingsView.swift; sourceTree = "<group>"; };
		C1C97F8159A6FA7953D28DAB /* Experience.swift */ = {isa = PBXFileReference; lastKnownFileType = sourcecode.swift; path = Experience.swift; sourceTree = "<group>"; };
		C215AE07BA32182A887226F9 /* NotificationService.swift */ = {isa = PBXFileReference; lastKnownFileType = sourcecode.swift; path = NotificationService.swift; sourceTree = "<group>"; };
		C5C3BA25EFA9F149FB4FAAB3 /* FavoritesListView.swift */ = {isa = PBXFileReference; lastKnownFileType = sourcecode.swift; path = FavoritesListView.swift; sourceTree = "<group>"; };
		C660F7996B1E4387C37720B3 /* OnboardingView.swift */ = {isa = PBXFileReference; lastKnownFileType = sourcecode.swift; path = OnboardingView.swift; sourceTree = "<group>"; };
		CE05EF69960CBB73431A6F2F /* DiscoveredCityRecord.swift */ = {isa = PBXFileReference; lastKnownFileType = sourcecode.swift; path = DiscoveredCityRecord.swift; sourceTree = "<group>"; };
		CF9D63763EFB0BE589EA0470 /* DeviceIdentityService.swift */ = {isa = PBXFileReference; lastKnownFileType = sourcecode.swift; path = DeviceIdentityService.swift; sourceTree = "<group>"; };
		D07ACA7C1A1574A244E73796 /* NavigationLauncher.swift */ = {isa = PBXFileReference; lastKnownFileType = sourcecode.swift; path = NavigationLauncher.swift; sourceTree = "<group>"; };
		D4C10384834D53FE83113D51 /* Configuration.storekit */ = {isa = PBXFileReference; path = Configuration.storekit; sourceTree = "<group>"; };
		D5B8BA7FFBD93A01E54B7E4A /* ExperienceDetailView.swift */ = {isa = PBXFileReference; lastKnownFileType = sourcecode.swift; path = ExperienceDetailView.swift; sourceTree = "<group>"; };
		E03076AD221F78BBDE981C3A /* ExperienceRecord.swift */ = {isa = PBXFileReference; lastKnownFileType = sourcecode.swift; path = ExperienceRecord.swift; sourceTree = "<group>"; };
		E406C379247653B4AA5A3E0E /* SupabaseClient.swift */ = {isa = PBXFileReference; lastKnownFileType = sourcecode.swift; path = SupabaseClient.swift; sourceTree = "<group>"; };
		E71DE291BE5569E719413B74 /* SoloCompassApp.swift */ = {isa = PBXFileReference; lastKnownFileType = sourcecode.swift; path = SoloCompassApp.swift; sourceTree = "<group>"; };
		E7E69F3EF6F0100CFA47DAFE /* AISynthesisCacheRecord.swift */ = {isa = PBXFileReference; lastKnownFileType = sourcecode.swift; path = AISynthesisCacheRecord.swift; sourceTree = "<group>"; };
		EA0858036CFEA9774139AFD7 /* PrivacyInfo.xcprivacy */ = {isa = PBXFileReference; path = PrivacyInfo.xcprivacy; sourceTree = "<group>"; };
		EB579F3F4EBBA014AA306DD1 /* SoloScoreBadge.swift */ = {isa = PBXFileReference; lastKnownFileType = sourcecode.swift; path = SoloScoreBadge.swift; sourceTree = "<group>"; };
		EC8F9EFD56A2C839428AA92D /* ConfidenceBadge.swift */ = {isa = PBXFileReference; lastKnownFileType = sourcecode.swift; path = ConfidenceBadge.swift; sourceTree = "<group>"; };
		ED3CB5045CE59A613B5CAAF5 /* SoloCompassTests.swift */ = {isa = PBXFileReference; lastKnownFileType = sourcecode.swift; path = SoloCompassTests.swift; sourceTree = "<group>"; };
		F4814DBCEAB5975B6338558D /* AIService.swift */ = {isa = PBXFileReference; lastKnownFileType = sourcecode.swift; path = AIService.swift; sourceTree = "<group>"; };
		F63FDD874A8F533F0717132A /* UserPreferences.swift */ = {isa = PBXFileReference; lastKnownFileType = sourcecode.swift; path = UserPreferences.swift; sourceTree = "<group>"; };
		F7FB43528F45882868CCC203 /* NavigationLauncherTests.swift */ = {isa = PBXFileReference; lastKnownFileType = sourcecode.swift; path = NavigationLauncherTests.swift; sourceTree = "<group>"; };
		F9263FC2737FA209F3CD4B5E /* ChatSheet.swift */ = {isa = PBXFileReference; lastKnownFileType = sourcecode.swift; path = ChatSheet.swift; sourceTree = "<group>"; };
		FAFFA243BC698EF20C6BC1EF /* MapViewModel.swift */ = {isa = PBXFileReference; lastKnownFileType = sourcecode.swift; path = MapViewModel.swift; sourceTree = "<group>"; };
/* End PBXFileReference section */

/* Begin PBXFrameworksBuildPhase section */
		760FFA2394573B6BC3FB8434 /* Frameworks */ = {
			isa = PBXFrameworksBuildPhase;
			buildActionMask = 2147483647;
			files = (
				50140E7D5FFAC2588C141A3F /* Supabase in Frameworks */,
			);
			runOnlyForDeploymentPostprocessing = 0;
		};
/* End PBXFrameworksBuildPhase section */

/* Begin PBXGroup section */
		07C4B3D1D25BE0A78422D951 /* Shared */ = {
			isa = PBXGroup;
			children = (
				72A7008F6BBA954FD01E8E9C /* BilingualCityRow.swift */,
				13350B81187FB64B252B8A46 /* BottomInfoBar.swift */,
				D81733C55E8314B57E553AD2 /* ChatStateModifier.swift */,
				EC8F9EFD56A2C839428AA92D /* ConfidenceBadge.swift */,
				C5C3BA25EFA9F149FB4FAAB3 /* FavoritesListView.swift */,
				0733F179C218E51700597111 /* GlassmorphismCapsule.swift */,
				EA420D113E22395EA8F11E5E /* OfflineBanner.swift */,
				130B51007552B26F3C1D1AE0 /* PendingCheckInBanner.swift */,
				7E521A0833E2461094596AB5 /* SkeletonView.swift */,
				EB579F3F4EBBA014AA306DD1 /* SoloScoreBadge.swift */,
				4689341F67FAE11B7AF829AD /* SoloScoreRadarChart.swift */,
				9E8ABF85EEFDF9969C94B441 /* VoiceButton.swift */,
				56433BE851B3E118061AF4F2 /* VoiceWaveformView.swift */,
			);
			path = Shared;
			sourceTree = "<group>";
		};
		0807CE55F43B61AC22836519 /* Experience */ = {
			isa = PBXGroup;
			children = (
				363714672D8A0FA8F7C39887 /* ExperienceCardView.swift */,
				D5B8BA7FFBD93A01E54B7E4A /* ExperienceDetailView.swift */,
				8509E525DD268E88ED3AD4FD /* LocationCard.swift */,
				55CFA30C41609CF2DA81FCE8 /* MarkdownShareSheet.swift */,
				2DA6E405C780A5A12A9FC1D6 /* MicroSurveySheet.swift */,
				576B08910782A58C3597E596 /* ReportIssueSheet.swift */,
			);
			path = Experience;
			sourceTree = "<group>";
		};
		2A5B2A9CBB684C51EA76313E /* Map */ = {
			isa = PBXGroup;
			children = (
				873ACB737A9B43254C17B238 /* CityPickerSheet.swift */,
				BA6A3144D85CDAD01FA0FECB /* CompassMapView.swift */,
				5AB8B58A4F608F9951CBDF3C /* ExploreConsentSheet.swift */,
				0A0997D8150E77F70A4B8C64 /* ExploreProgressBar.swift */,
				0E0157D30FF53B21FF31D519 /* MarkerIconView.swift */,
			);
			path = Map;
			sourceTree = "<group>";
		};
		2CEE9F7CC15A1F0742A0CDDF /* Tests */ = {
			isa = PBXGroup;
			children = (
				722172BA03722DB8F3C9241A /* AgentTests.swift */,
				F7FB43528F45882868CCC203 /* NavigationLauncherTests.swift */,
				350DB274BD845321C4DD7154 /* PerformanceTests.swift */,
				ED3CB5045CE59A613B5CAAF5 /* SoloCompassTests.swift */,
			);
			name = Tests;
			path = SoloCompass/Tests;
			sourceTree = "<group>";
		};
		349E26E71AF3FA04CA5CC24C /* JSON */ = {
			isa = PBXGroup;
			children = (
				61ED51ACFDCE6E0ED274BB60 /* seed_experiences.json */,
			);
			path = JSON;
			sourceTree = "<group>";
		};
		43E0F61FDC12FC6B691A26B8 /* Config */ = {
			isa = PBXGroup;
			children = (
				5642EDC714993C8EE0ECDD83 /* GeneratedSecrets.swift */,
				1FA8C8BF234F3C74D0D8A9BD /* SecretsRuntime.swift */,
			);
			path = Config;
			sourceTree = "<group>";
		};
		46CE435B49A97DAA511BDFE5 /* SoloCompass */ = {
			isa = PBXGroup;
			children = (
				A982DC3911EF3A3A47764759 /* App */,
				43E0F61FDC12FC6B691A26B8 /* Config */,
				5B71CF70956BBC9E4305202E /* Models */,
				7E2FB1BFAED4DC291176B347 /* Persistence */,
				AF2168B6372E0B357D17732C /* Resources */,
				68417DC1101B6DFD2DB9673C /* Services */,
				66EE2097358C0479C8454592 /* ViewModels */,
				993B6773487C7744097F4175 /* Views */,
			);
			path = SoloCompass;
			sourceTree = "<group>";
		};
		501EF6E4D08477F134FAED1E /* Products */ = {
			isa = PBXGroup;
			children = (
				9945A4E03F4C75ED89674594 /* SoloCompass.app */,
				8FDFA5F3503B8ABC4B5CB086 /* SoloCompassTests.xctest */,
			);
			name = Products;
			sourceTree = "<group>";
		};
		52030ED9E37422E080A28183 /* Models */ = {
			isa = PBXGroup;
			children = (
				E7E69F3EF6F0100CFA47DAFE /* AISynthesisCacheRecord.swift */,
				001EB4B0431ADF64A02B47F8 /* AIUsageRecord.swift */,
				CE05EF69960CBB73431A6F2F /* DiscoveredCityRecord.swift */,
				E03076AD221F78BBDE981C3A /* ExperienceRecord.swift */,
				A1F76E8EBB87A2F70FEA1BB0 /* ExploreCacheRecord.swift */,
				23043E51C493093CF7244629 /* MicroSurveyRecord.swift */,
				5CA0BAEC05B72704552C0906 /* PendingCheckInRecord.swift */,
				81A92E0AE1868C3A165F3E95 /* PendingSyncRecord.swift */,
				9748B0A808BC06F6EDED3C3B /* RecentExploreRegion.swift */,
				B3CC4BB6965F17D1B62F01A1 /* UserCompletionRecord.swift */,
				791CBEDE09220728AD52AAAD /* UserFavoriteRecord.swift */,
			);
			path = Models;
			sourceTree = "<group>";
		};
		5B71CF70956BBC9E4305202E /* Models */ = {
			isa = PBXGroup;
			children = (
				B4CC82914E097735E80417C0 /* ChatUIState.swift */,
				BC7BD09EB1055A454D95BE97 /* City.swift */,
				C1C97F8159A6FA7953D28DAB /* Experience.swift */,
				F63FDD874A8F533F0717132A /* UserPreferences.swift */,
			);
			path = Models;
			sourceTree = "<group>";
		};
		66EE2097358C0479C8454592 /* ViewModels */ = {
			isa = PBXGroup;
			children = (
				5CE16BF3B189BB0F17E4CE92 /* ExperienceDetailViewModel.swift */,
				FAFFA243BC698EF20C6BC1EF /* MapViewModel.swift */,
			);
			path = ViewModels;
			sourceTree = "<group>";
		};
		68417DC1101B6DFD2DB9673C /* Services */ = {
			isa = PBXGroup;
			children = (
				F4814DBCEAB5975B6338558D /* AIService.swift */,
				5052E5D66052DFAD22EC576F /* Agents */,
				42FC5ADBFDDA89BC42C8748D /* AppleSignInService.swift */,
				66106D9BA39E4A2CD64BB217 /* Context */,
				CF9D63763EFB0BE589EA0470 /* DeviceIdentityService.swift */,
				12F087E4FA7161529378098C /* ExperienceService.swift */,
				79B73212B8F704EABD27EF5B /* FeatureFlags.swift */,
				6556C23BF1B228BF686C5500 /* KeychainStore.swift */,
				87002BB6D344B384A3FDFBFD /* LanguageService.swift */,
				2C7919EAFDE363B49C4B4C47 /* LocationService.swift */,
				2575FE02BC995302BB791077 /* MarkdownExporter.swift */,
				D07ACA7C1A1574A244E73796 /* NavigationLauncher.swift */,
				120681F433EEB66A5DBEBBC9 /* NetworkMonitor.swift */,
				C215AE07BA32182A887226F9 /* NotificationService.swift */,
					67173C74F1A76C3CE5C38C0A /* OverpassService.swift */,
				64BDF8B4B7CC82F3845C5068 /* ReverseGeocodeService.swift */,
				9C1A8965C3343897E677CFF3 /* ReviewsService.swift */,
				33B8A80F048D74BEDB8C1132 /* SubscriptionService.swift */,
				E406C379247653B4AA5A3E0E /* SupabaseClient.swift */,
				6163572F4644BF852B35FDA4 /* SyncService.swift */,
				C5C2962966E1536D2C61C028 /* ThemeService.swift */,
				FFAD676E9B137EFD6AD18EB9 /* Themes */,
				94EF0AA0049BDCC88E125164 /* VoiceAgentOrchestrator.swift */,
				112319E8315F5F6961C95264 /* VoiceAgentSession.swift */,
				20208D92E4F564C474E8AEED /* VoiceAgentToolRouter.swift */,
				120FC7465285714C5FA8F96D /* VoiceService.swift */,
			);
			path = Services;
			sourceTree = "<group>";
		};
		78E954A36C9CA4C8D59A4CD8 /* Chat */ = {
			isa = PBXGroup;
			children = (
				B88D9F377D7AF634DAE07A3E /* ChatInputBar.swift */,
				F9263FC2737FA209F3CD4B5E /* ChatSheet.swift */,
				086B3C207483BA0EBD27451F /* MessageBubble.swift */,
			);
			path = Chat;
			sourceTree = "<group>";
		};
		7E2FB1BFAED4DC291176B347 /* Persistence */ = {
			isa = PBXGroup;
			children = (
				A250916F91C8EF0BE90DF763 /* ExperienceRepository.swift */,
				A5435FBA9527C07A9FB07D46 /* SoloCompassModelContainer.swift */,
				52030ED9E37422E080A28183 /* Models */,
			);
			path = Persistence;
			sourceTree = "<group>";
		};
		8D1441732E5DC5479DD56C18 = {
			isa = PBXGroup;
			children = (
				46CE435B49A97DAA511BDFE5 /* SoloCompass */,
				2CEE9F7CC15A1F0742A0CDDF /* Tests */,
				501EF6E4D08477F134FAED1E /* Products */,
			);
			sourceTree = "<group>";
		};
		8FF93171FFB8E00CD1BDF550 /* Settings */ = {
			isa = PBXGroup;
			children = (
				C14A22A40550CF207AB36C18 /* SettingsView.swift */,
			);
			path = Settings;
			sourceTree = "<group>";
		};
		993B6773487C7744097F4175 /* Views */ = {
			isa = PBXGroup;
			children = (
				78E954A36C9CA4C8D59A4CD8 /* Chat */,
				0807CE55F43B61AC22836519 /* Experience */,
				B1E73913322B5353D1A98672 /* Filter */,
				2A5B2A9CBB684C51EA76313E /* Map */,
				B7BA8DD4801156B13D7F0C9E /* Onboarding */,
				F041AA40AC029B779843B5D4 /* Paywall */,
				8FF93171FFB8E00CD1BDF550 /* Settings */,
				07C4B3D1D25BE0A78422D951 /* Shared */,
				E45C3A8BE30C9DCD0C3AD62F /* Voice */,
			);
			path = Views;
			sourceTree = "<group>";
		};
		A982DC3911EF3A3A47764759 /* App */ = {
			isa = PBXGroup;
			children = (
				E71DE291BE5569E719413B74 /* SoloCompassApp.swift */,
			);
			path = App;
			sourceTree = "<group>";
		};
		AF2168B6372E0B357D17732C /* Resources */ = {
			isa = PBXGroup;
			children = (
				4442EDB5CE3602DA3EA32725 /* Assets.xcassets */,
				D4C10384834D53FE83113D51 /* Configuration.storekit */,
				409FB4B0922C4A1D8AAEB1D1 /* FeatureFlags.plist */,
				BC185539C95D5D940693BCB7 /* Info.plist */,
				EA0858036CFEA9774139AFD7 /* PrivacyInfo.xcprivacy */,
				AB46D6F6F8942CD390A5CCF4 /* SoloCompass.entitlements */,
				349E26E71AF3FA04CA5CC24C /* JSON */,
				80020844C0A45A5993333741 /* Localizable.strings */,
			);
			path = Resources;
			sourceTree = "<group>";
		};
		B1E73913322B5353D1A98672 /* Filter */ = {
			isa = PBXGroup;
			children = (
				3C9A1F22AAE512199548C269 /* FilterBarView.swift */,
			);
			path = Filter;
			sourceTree = "<group>";
		};
		B7BA8DD4801156B13D7F0C9E /* Onboarding */ = {
			isa = PBXGroup;
			children = (
				C660F7996B1E4387C37720B3 /* OnboardingView.swift */,
			);
			path = Onboarding;
			sourceTree = "<group>";
		};
		E45C3A8BE30C9DCD0C3AD62F /* Voice */ = {
			isa = PBXGroup;
			children = (
			);
			path = Voice;
			sourceTree = "<group>";
		};
		F041AA40AC029B779843B5D4 /* Paywall */ = {
			isa = PBXGroup;
			children = (
				B92F9A65ACFD3B9518A364B0 /* PaywallView.swift */,
			);
			path = Paywall;
			sourceTree = "<group>";
		};
		5052E5D66052DFAD22EC576F /* Agents */ = {
			isa = PBXGroup;
			children = (
				0BDF2964C023A404252A611B /* AgentMessage.swift */,
				AB54CBFA8272A1F3DB5CA1C2 /* AgentRouter.swift */,
				C6EF5BAD26F3CAC5C2242AFE /* GuideAgent.swift */,
				A44AE7A1F44FE32AAE0F9659 /* IntentAgent.swift */,
				068BA2C05BAF2975EC9F5621 /* QueryAgent.swift */,
			);
			path = Agents;
			sourceTree = "<group>";
		};
		66106D9BA39E4A2CD64BB217 /* Context */ = {
			isa = PBXGroup;
			children = (
				85F687420A07813771E34CE0 /* ContextManager.swift */,
			);
			path = Context;
			sourceTree = "<group>";
		};
		FFAD676E9B137EFD6AD18EB9 /* Themes */ = {
			isa = PBXGroup;
			children = (
				F6F3B9C418B73201CF7CEEF4 /* ObsidianTheme.swift */,
				1AD0F3488EFA34587FF49BEE /* SystemTheme.swift */,
				542BCC09AAEBC71176BDAEC9 /* Theme.swift */,
			);
			path = Themes;
			sourceTree = "<group>";
		};
/* End PBXGroup section */

/* Begin PBXNativeTarget section */
		54773438FB1E1E9F2C8DF91C /* SoloCompass */ = {
			isa = PBXNativeTarget;
			buildConfigurationList = E37828983E2D80FD8B06B3E6 /* Build configuration list for PBXNativeTarget "SoloCompass" */;
			buildPhases = (
				64D3462D348FFD483BDEABFE /* Generate Secrets from .env */,
				FD67F39E8160C7EC75CB5491 /* Sources */,
				F9735D89646F00459C8018CB /* Resources */,
				760FFA2394573B6BC3FB8434 /* Frameworks */,
			);
			buildRules = (
			);
			dependencies = (
			);
			name = SoloCompass;
			packageProductDependencies = (
				EE5F70FDF5F3A929496EC981 /* Supabase */,
			);
			productName = SoloCompass;
			productReference = 9945A4E03F4C75ED89674594 /* SoloCompass.app */;
			productType = "com.apple.product-type.application";
		};
		D49FFD818AF5AD3EDE92522D /* SoloCompassTests */ = {
			isa = PBXNativeTarget;
			buildConfigurationList = 3C160B36A5D55E784D581845 /* Build configuration list for PBXNativeTarget "SoloCompassTests" */;
			buildPhases = (
				90D79EF444F26D11575920A7 /* Sources */,
			);
			buildRules = (
			);
			dependencies = (
				00E907C2CD9CDABEA87932EB /* PBXTargetDependency */,
			);
			name = SoloCompassTests;
			packageProductDependencies = (
			);
			productName = SoloCompassTests;
			productReference = 8FDFA5F3503B8ABC4B5CB086 /* SoloCompassTests.xctest */;
			productType = "com.apple.product-type.bundle.unit-test";
		};
/* End PBXNativeTarget section */

/* Begin PBXProject section */
		75685F3A029520F918427CD0 /* Project object */ = {
			isa = PBXProject;
			attributes = {
				BuildIndependentTargetsInParallel = YES;
				LastUpgradeCheck = 1600;
				TargetAttributes = {
					54773438FB1E1E9F2C8DF91C = {
						DevelopmentTeam = 6RG2F8YY59;
						ProvisioningStyle = Manual;
					};
					D49FFD818AF5AD3EDE92522D = {
						DevelopmentTeam = 6RG2F8YY59;
						ProvisioningStyle = Automatic;
					};
				};
			};
			buildConfigurationList = D8CE34EBDDD7AC04D2D5323E /* Build configuration list for PBXProject "SoloCompass" */;
			developmentRegion = en;
			hasScannedForEncodings = 0;
			knownRegions = (
				Base,
				en,
				"zh-Hans",
			);
			mainGroup = 8D1441732E5DC5479DD56C18;
			minimizedProjectReferenceProxies = 1;
			packageReferences = (
				9CED3AAE0D001036D45C96A4 /* XCRemoteSwiftPackageReference "supabase-swift" */,
			);
			preferredProjectObjectVersion = 77;
			productRefGroup = 501EF6E4D08477F134FAED1E /* Products */;
			projectDirPath = "";
			projectRoot = "";
			targets = (
				54773438FB1E1E9F2C8DF91C /* SoloCompass */,
				D49FFD818AF5AD3EDE92522D /* SoloCompassTests */,
			);
		};
/* End PBXProject section */

/* Begin PBXResourcesBuildPhase section */
		F9735D89646F00459C8018CB /* Resources */ = {
			isa = PBXResourcesBuildPhase;
			buildActionMask = 2147483647;
			files = (
				E0DDDA434921159DDD70F035 /* Assets.xcassets in Resources */,
				15A48470CBEBB6D31C2201D9 /* Configuration.storekit in Resources */,
				C735986DAC69807F27CC0E39 /* FeatureFlags.plist in Resources */,
				BAC775E6105DD571F71ACBC1 /* Localizable.strings in Resources */,
				8B4F2A6E8F3C6EAD0F9A8E32 /* PrivacyInfo.xcprivacy in Resources */,
				D7CC906B358ED5337880A942 /* seed_experiences.json in Resources */,
			);
			runOnlyForDeploymentPostprocessing = 0;
		};
/* End PBXResourcesBuildPhase section */

/* Begin PBXShellScriptBuildPhase section */
		64D3462D348FFD483BDEABFE /* Generate Secrets from .env */ = {
			isa = PBXShellScriptBuildPhase;
			alwaysOutOfDate = 1;
			buildActionMask = 2147483647;
			files = (
			);
			inputFileListPaths = (
			);
			inputPaths = (
			);
			name = "Generate Secrets from .env";
			outputFileListPaths = (
			);
			outputPaths = (
				"$(SRCROOT)/SoloCompass/Config/GeneratedSecrets.swift",
			);
			runOnlyForDeploymentPostprocessing = 0;
			shellPath = /bin/sh;
			shellScript = "if [ -f \"${SRCROOT}/../../scripts/generate_secrets.sh\" ]; then\n  bash \"${SRCROOT}/../../scripts/generate_secrets.sh\"\nelse\n  echo \"[generate_secrets] script not found at ${SRCROOT}/../../scripts/generate_secrets.sh — skipping\" >&2\nfi\n";
		};
/* End PBXShellScriptBuildPhase section */

/* Begin PBXSourcesBuildPhase section */
		90D79EF444F26D11575920A7 /* Sources */ = {
			isa = PBXSourcesBuildPhase;
			buildActionMask = 2147483647;
			files = (
				C52D82EC8D2D8EEC35CA3F3F /* AgentTests.swift in Sources */,
				D4193263CDA544D0995749B0 /* NavigationLauncherTests.swift in Sources */,
				45F2E0D8E021314115A11BD8 /* PerformanceTests.swift in Sources */,
				EBE1ACB7D574EE000B028B23 /* SoloCompassTests.swift in Sources */,
			);
			runOnlyForDeploymentPostprocessing = 0;
		};
		FD67F39E8160C7EC75CB5491 /* Sources */ = {
			isa = PBXSourcesBuildPhase;
			buildActionMask = 2147483647;
			files = (
				D699D4E3E20FE7A7C0ED7E66 /* AIService.swift in Sources */,
				F34C1A42668EF5151AFEE3C3 /* AISynthesisCacheRecord.swift in Sources */,
				464746A44182622D4F617462 /* AIUsageRecord.swift in Sources */,
				6521611D855CC017B809200B /* AgentMessage.swift in Sources */,
				5C562677E6D6A368BB0584DB /* AgentRouter.swift in Sources */,
				1D8CCDA07285B75840FCF194 /* AppleSignInService.swift in Sources */,
				A49C503CD8B0E49031827A0D /* BilingualCityRow.swift in Sources */,
				5C05B87EA78458094612AC01 /* BottomInfoBar.swift in Sources */,
				BA0DD7D5C46016E81A23B2B4 /* ChatInputBar.swift in Sources */,
				B7366111257111EC98F4A0C4 /* ChatSheet.swift in Sources */,
				89FB8DDBC2B09F5B40C9E4DB /* ChatStateModifier.swift in Sources */,
				960A1256DEE31E76FC86A76F /* ChatUIState.swift in Sources */,
				7D2B6DE6C27E0307CA998A5F /* CityPickerSheet.swift in Sources */,
				2C4AD2A9657C5080FC8B467D /* City.swift in Sources */,
				C21906307DCC96E5B2583BFE /* CompassMapView.swift in Sources */,
				240FFFC4A2B2B8F941129783 /* ConfidenceBadge.swift in Sources */,
				1AB940CE31E425E516556E8B /* ContextManager.swift in Sources */,
				42E436DB35CF90AD3E43083E /* DeviceIdentityService.swift in Sources */,
				EDBD7B0E715165E71BC0C17D /* DiscoveredCityRecord.swift in Sources */,
				0A830B26D4A18948D16F3A42 /* Experience.swift in Sources */,
				56F3055416F4A5316100F9B2 /* ExperienceCardView.swift in Sources */,
				CF8B2BDE6D707CE2537C8688 /* ExperienceDetailView.swift in Sources */,
				A84320715E7CBDA91FC3F26F /* ExperienceDetailViewModel.swift in Sources */,
				116FF0278F882D45402B0E78 /* ExperienceRecord.swift in Sources */,
				7C14629A3FAB31975BFBB0A6 /* ExperienceRepository.swift in Sources */,
				E7B5B022519434F7C07818CF /* ExperienceService.swift in Sources */,
				1BF34EAE036021423C1ACE2D /* ExploreCacheRecord.swift in Sources */,
				0EAA3D2EEA89D212150A6B57 /* ExploreConsentSheet.swift in Sources */,
				FA8584E1511404B374B57E66 /* ExploreProgressBar.swift in Sources */,
				E881A71769542A7C58CF5D10 /* FavoritesListView.swift in Sources */,
				18D372538603D7A46EE6C86F /* FeatureFlags.swift in Sources */,
				297541149234668D12EAF272 /* FilterBarView.swift in Sources */,
				391D6B5C48997AD74F367C0C /* GeneratedSecrets.swift in Sources */,
				5245D8E2A4B04B19178D4F7A /* GlassmorphismCapsule.swift in Sources */,
				8E409194DF96067A1CB10F2A /* GuideAgent.swift in Sources */,
				4CFE20FE1D9C25B2A48860F5 /* IntentAgent.swift in Sources */,
				48DF93F42CDDB1329B038865 /* KeychainStore.swift in Sources */,
				953C7BD48AF4AF55608145A6 /* LanguageService.swift in Sources */,
				23B40396E9D7B59CB71FBCD9 /* LocationCard.swift in Sources */,
				31F9538643C362D7EEF64C6B /* LocationService.swift in Sources */,
				CE1A6A1D5EB25B2BEA5B29DA /* MapViewModel.swift in Sources */,
				B45026E0FC30AA532B8B4951 /* MarkdownExporter.swift in Sources */,
				83A41D16DF6AC11633DE0209 /* MarkdownShareSheet.swift in Sources */,
				28E3EB1BFFB0A73A1C56FD54 /* MarkerIconView.swift in Sources */,
				561418100F2F7D4D88DE1BC4 /* MessageBubble.swift in Sources */,
				C7F4A9BD252AC60BDBD74585 /* MicroSurveyRecord.swift in Sources */,
				214AF641496E8E50E3EC5FE4 /* MicroSurveySheet.swift in Sources */,
				C306F7501DA85110BE3C85B5 /* NavigationLauncher.swift in Sources */,
				D94873977E1F3387C0E193DB /* NetworkMonitor.swift in Sources */,
				C53DB60CA9E95907A2CBF2C0 /* NotificationService.swift in Sources */,
				AED6B1543E1AD8F1D3C342FF /* ObsidianTheme.swift in Sources */,
				A670A5BE78C7ED4BA9886F11 /* OfflineBanner.swift in Sources */,
				C81007F6A39364D0872736B2 /* OnboardingView.swift in Sources */,
				B28F15C454376D86258FCD77 /* OverpassService.swift in Sources */,
				193FE8EBE03520DF740EE78D /* PaywallView.swift in Sources */,
				AA75B3147A29FDA55E61B24A /* PendingCheckInBanner.swift in Sources */,
				ACBA4CEE6B78AA04DBD26709 /* PendingCheckInRecord.swift in Sources */,
				641D80BD116D6F255A9ED26A /* PendingSyncRecord.swift in Sources */,
				02D1F2C1ECB04756D271E10D /* QueryAgent.swift in Sources */,
				9C8CC563D33FDBB3DF57A841 /* RecentExploreRegion.swift in Sources */,
				EF2003CC07F7787C25847BDF /* ReportIssueSheet.swift in Sources */,
				62BB74EC16B92899A9A6A44C /* ReverseGeocodeService.swift in Sources */,
				5D2B999D692C4649BCE813F1 /* ReviewsService.swift in Sources */,
				FBE9F5951D501A611EB19EEC /* SecretsRuntime.swift in Sources */,
				58B7C9B20945838F81081941 /* SettingsView.swift in Sources */,
				79E3EA140DF95092CBAF8CEB /* SkeletonView.swift in Sources */,
				E5F463CE3CE822F7F96CA82C /* SoloCompassApp.swift in Sources */,
				13E5AEAEE5194DDB79AE92AC /* SoloCompassModelContainer.swift in Sources */,
				86F4628473C2D520D4C2FFFB /* SoloScoreBadge.swift in Sources */,
				1295EB5B90A5734BD397C40A /* SoloScoreRadarChart.swift in Sources */,
				BCD734EA6E4D5CE922D0621D /* SubscriptionService.swift in Sources */,
				EC5A75D4BC8E0C767D06C424 /* SupabaseClient.swift in Sources */,
				B478C92BB2249C0D5009AABD /* SyncService.swift in Sources */,
				35803D998AE54C48BFAA56D1 /* SystemTheme.swift in Sources */,
				7A4AA83E8F04E9C85C34188F /* Theme.swift in Sources */,
				EAA744F457A4DF627B68DC3D /* ThemeService.swift in Sources */,
				219718C8521B1013D17AE22F /* UserCompletionRecord.swift in Sources */,
				D53E53A5AA9AE6F77EF82418 /* UserFavoriteRecord.swift in Sources */,
				C2C0AF72D709EDC17C6ED874 /* UserPreferences.swift in Sources */,
				BB0BC19A9BE687E947C48034 /* VoiceAgentOrchestrator.swift in Sources */,
				C220FEC091B645D82519465E /* VoiceAgentSession.swift in Sources */,
				54952646C79E8F29AF89F4D6 /* VoiceAgentToolRouter.swift in Sources */,
				BD5BB6BD7FCBDB30282F28FA /* VoiceButton.swift in Sources */,
				F5677DCF081E506C7E32243F /* VoiceService.swift in Sources */,
				DBEC17731243CFE7D90ABFCB /* VoiceWaveformView.swift in Sources */,
			);
			runOnlyForDeploymentPostprocessing = 0;
		};
/* End PBXSourcesBuildPhase section */

/* Begin PBXTargetDependency section */
		00E907C2CD9CDABEA87932EB /* PBXTargetDependency */ = {
			isa = PBXTargetDependency;
			target = 54773438FB1E1E9F2C8DF91C /* SoloCompass */;
			targetProxy = 2C6D32C9538461241D786D7D /* PBXContainerItemProxy */;
		};
/* End PBXTargetDependency section */

/* Begin PBXVariantGroup section */
		80020844C0A45A5993333741 /* Localizable.strings */ = {
			isa = PBXVariantGroup;
			children = (
				6C5CA5533D846B39EF16CDFA /* en */,
				402644EEDBCD7DD3658E6DD5 /* zh-Hans */,
			);
			name = Localizable.strings;
			sourceTree = "<group>";
		};
/* End PBXVariantGroup section */

/* Begin XCBuildConfiguration section */
		96CB10D8184006DA8310F30A /* Release */ = {
			isa = XCBuildConfiguration;
			buildSettings = {
				ASSETCATALOG_COMPILER_APPICON_NAME = AppIcon;
				CODE_SIGN_ENTITLEMENTS = SoloCompass/Resources/SoloCompass.entitlements;
				CODE_SIGN_IDENTITY = "Apple Distribution";
				CODE_SIGN_STYLE = Manual;
				DEVELOPMENT_TEAM = 6RG2F8YY59;
				INFOPLIST_FILE = SoloCompass/Resources/Info.plist;
				IPHONEOS_DEPLOYMENT_TARGET = 17.0;
				LD_RUNPATH_SEARCH_PATHS = (
					"$(inherited)",
					"@executable_path/Frameworks",
				);
				PRODUCT_BUNDLE_IDENTIFIER = com.solocompass.app;
				SDKROOT = iphoneos;
				TARGETED_DEVICE_FAMILY = "1,2";
			};
			name = Release;
		};
		A3ABC74647CA0F685A7A776D /* Release */ = {
			isa = XCBuildConfiguration;
			buildSettings = {
				ALWAYS_SEARCH_USER_PATHS = NO;
				CLANG_ANALYZER_NONNULL = YES;
				CLANG_ANALYZER_NUMBER_OBJECT_CONVERSION = YES_AGGRESSIVE;
				CLANG_CXX_LANGUAGE_STANDARD = "gnu++14";
				CLANG_CXX_LIBRARY = "libc++";
				CLANG_ENABLE_MODULES = YES;
				CLANG_ENABLE_OBJC_ARC = YES;
				CLANG_ENABLE_OBJC_WEAK = YES;
				CLANG_WARN_BLOCK_CAPTURE_AUTORELEASING = YES;
				CLANG_WARN_BOOL_CONVERSION = YES;
				CLANG_WARN_COMMA = YES;
				CLANG_WARN_CONSTANT_CONVERSION = YES;
				CLANG_WARN_DEPRECATED_OBJC_IMPLEMENTATIONS = YES;
				CLANG_WARN_DIRECT_OBJC_ISA_USAGE = YES_ERROR;
				CLANG_WARN_DOCUMENTATION_COMMENTS = YES;
				CLANG_WARN_EMPTY_BODY = YES;
				CLANG_WARN_ENUM_CONVERSION = YES;
				CLANG_WARN_INFINITE_RECURSION = YES;
				CLANG_WARN_INT_CONVERSION = YES;
				CLANG_WARN_NON_LITERAL_NULL_CONVERSION = YES;
				CLANG_WARN_OBJC_IMPLICIT_RETAIN_SELF = YES;
				CLANG_WARN_OBJC_LITERAL_CONVERSION = YES;
				CLANG_WARN_OBJC_ROOT_CLASS = YES_ERROR;
				CLANG_WARN_QUOTED_INCLUDE_IN_FRAMEWORK_HEADER = YES;
				CLANG_WARN_RANGE_LOOP_ANALYSIS = YES;
				CLANG_WARN_STRICT_PROTOTYPES = YES;
				CLANG_WARN_SUSPICIOUS_MOVE = YES;
				CLANG_WARN_UNGUARDED_AVAILABILITY = YES_AGGRESSIVE;
				CLANG_WARN_UNREACHABLE_CODE = YES;
				CLANG_WARN__DUPLICATE_METHOD_MATCH = YES;
				CODE_SIGN_STYLE = Manual;
				COPY_PHASE_STRIP = NO;
				CURRENT_PROJECT_VERSION = 2;
				DEBUG_INFORMATION_FORMAT = "dwarf-with-dsym";
				DEVELOPMENT_TEAM = 6RG2F8YY59;
				ENABLE_NS_ASSERTIONS = NO;
				ENABLE_STRICT_OBJC_MSGSEND = YES;
				GCC_C_LANGUAGE_STANDARD = gnu11;
				GCC_NO_COMMON_BLOCKS = YES;
				GCC_WARN_64_TO_32_BIT_CONVERSION = YES;
				GCC_WARN_ABOUT_RETURN_TYPE = YES_ERROR;
				GCC_WARN_UNDECLARED_SELECTOR = YES;
				GCC_WARN_UNINITIALIZED_AUTOS = YES_AGGRESSIVE;
				GCC_WARN_UNUSED_FUNCTION = YES;
				GCC_WARN_UNUSED_VARIABLE = YES;
				IPHONEOS_DEPLOYMENT_TARGET = 17.0;
				MARKETING_VERSION = 1.1.0;
				MTL_ENABLE_DEBUG_INFO = NO;
				MTL_FAST_MATH = YES;
				PRODUCT_NAME = "$(TARGET_NAME)";
				SDKROOT = iphoneos;
				SWIFT_COMPILATION_MODE = wholemodule;
				SWIFT_OPTIMIZATION_LEVEL = "-O";
				SWIFT_STRICT_CONCURRENCY = complete;
				SWIFT_VERSION = 5.10;
			};
			name = Release;
		};
		B279CD7B71E5F837209E6ED7 /* Debug */ = {
			isa = XCBuildConfiguration;
			buildSettings = {
				ASSETCATALOG_COMPILER_APPICON_NAME = AppIcon;
				CODE_SIGN_ENTITLEMENTS = SoloCompass/Resources/SoloCompass.entitlements;
				CODE_SIGN_IDENTITY = "Apple Distribution";
				CODE_SIGN_STYLE = Manual;
				DEVELOPMENT_TEAM = 6RG2F8YY59;
				INFOPLIST_FILE = SoloCompass/Resources/Info.plist;
				IPHONEOS_DEPLOYMENT_TARGET = 17.0;
				LD_RUNPATH_SEARCH_PATHS = (
					"$(inherited)",
					"@executable_path/Frameworks",
				);
				PRODUCT_BUNDLE_IDENTIFIER = com.solocompass.app;
				SDKROOT = iphoneos;
				TARGETED_DEVICE_FAMILY = "1,2";
			};
			name = Debug;
		};
		E1DF9D1D2271A4D2593B54BF /* Debug */ = {
			isa = XCBuildConfiguration;
			buildSettings = {
				ALWAYS_SEARCH_USER_PATHS = NO;
				CLANG_ANALYZER_NONNULL = YES;
				CLANG_ANALYZER_NUMBER_OBJECT_CONVERSION = YES_AGGRESSIVE;
				CLANG_CXX_LANGUAGE_STANDARD = "gnu++14";
				CLANG_CXX_LIBRARY = "libc++";
				CLANG_ENABLE_MODULES = YES;
				CLANG_ENABLE_OBJC_ARC = YES;
				CLANG_ENABLE_OBJC_WEAK = YES;
				CLANG_WARN_BLOCK_CAPTURE_AUTORELEASING = YES;
				CLANG_WARN_BOOL_CONVERSION = YES;
				CLANG_WARN_COMMA = YES;
				CLANG_WARN_CONSTANT_CONVERSION = YES;
				CLANG_WARN_DEPRECATED_OBJC_IMPLEMENTATIONS = YES;
				CLANG_WARN_DIRECT_OBJC_ISA_USAGE = YES_ERROR;
				CLANG_WARN_DOCUMENTATION_COMMENTS = YES;
				CLANG_WARN_EMPTY_BODY = YES;
				CLANG_WARN_ENUM_CONVERSION = YES;
				CLANG_WARN_INFINITE_RECURSION = YES;
				CLANG_WARN_INT_CONVERSION = YES;
				CLANG_WARN_NON_LITERAL_NULL_CONVERSION = YES;
				CLANG_WARN_OBJC_IMPLICIT_RETAIN_SELF = YES;
				CLANG_WARN_OBJC_LITERAL_CONVERSION = YES;
				CLANG_WARN_OBJC_ROOT_CLASS = YES_ERROR;
				CLANG_WARN_QUOTED_INCLUDE_IN_FRAMEWORK_HEADER = YES;
				CLANG_WARN_RANGE_LOOP_ANALYSIS = YES;
				CLANG_WARN_STRICT_PROTOTYPES = YES;
				CLANG_WARN_SUSPICIOUS_MOVE = YES;
				CLANG_WARN_UNGUARDED_AVAILABILITY = YES_AGGRESSIVE;
				CLANG_WARN_UNREACHABLE_CODE = YES;
				CLANG_WARN__DUPLICATE_METHOD_MATCH = YES;
				CODE_SIGN_STYLE = Manual;
				COPY_PHASE_STRIP = NO;
				CURRENT_PROJECT_VERSION = 2;
				DEBUG_INFORMATION_FORMAT = dwarf;
				DEVELOPMENT_TEAM = 6RG2F8YY59;
				ENABLE_STRICT_OBJC_MSGSEND = YES;
				ENABLE_TESTABILITY = YES;
				GCC_C_LANGUAGE_STANDARD = gnu11;
				GCC_DYNAMIC_NO_PIC = NO;
				GCC_NO_COMMON_BLOCKS = YES;
				GCC_OPTIMIZATION_LEVEL = 0;
				GCC_PREPROCESSOR_DEFINITIONS = (
					"$(inherited)",
					"DEBUG=1",
				);
				GCC_WARN_64_TO_32_BIT_CONVERSION = YES;
				GCC_WARN_ABOUT_RETURN_TYPE = YES_ERROR;
				GCC_WARN_UNDECLARED_SELECTOR = YES;
				GCC_WARN_UNINITIALIZED_AUTOS = YES_AGGRESSIVE;
				GCC_WARN_UNUSED_FUNCTION = YES;
				GCC_WARN_UNUSED_VARIABLE = YES;
				IPHONEOS_DEPLOYMENT_TARGET = 17.0;
				MARKETING_VERSION = 1.1.0;
				MTL_ENABLE_DEBUG_INFO = INCLUDE_SOURCE;
				MTL_FAST_MATH = YES;
				ONLY_ACTIVE_ARCH = YES;
				PRODUCT_NAME = "$(TARGET_NAME)";
				SDKROOT = iphoneos;
				SWIFT_ACTIVE_COMPILATION_CONDITIONS = DEBUG;
				SWIFT_OPTIMIZATION_LEVEL = "-Onone";
				SWIFT_STRICT_CONCURRENCY = complete;
				SWIFT_VERSION = 5.10;
			};
			name = Debug;
		};
		EC82903E674DB84F696F9BD1 /* Release */ = {
			isa = XCBuildConfiguration;
			buildSettings = {
				BUNDLE_LOADER = "$(TEST_HOST)";
				CODE_SIGNING_ALLOWED = NO;
				CODE_SIGN_STYLE = Automatic;
				GENERATE_INFOPLIST_FILE = YES;
				IPHONEOS_DEPLOYMENT_TARGET = 17.0;
				LD_RUNPATH_SEARCH_PATHS = (
					"$(inherited)",
					"@executable_path/Frameworks",
					"@loader_path/Frameworks",
				);
				PRODUCT_BUNDLE_IDENTIFIER = com.solocompass.tests;
				SDKROOT = iphoneos;
				STOREKIT_CONFIGURATION = SoloCompass/Resources/Configuration.storekit;
				TARGETED_DEVICE_FAMILY = "1,2";
				TEST_HOST = "$(BUILT_PRODUCTS_DIR)/SoloCompass.app/SoloCompass";
			};
			name = Release;
		};
		FC84E6D80723B23534997CFF /* Debug */ = {
			isa = XCBuildConfiguration;
			buildSettings = {
				BUNDLE_LOADER = "$(TEST_HOST)";
				CODE_SIGNING_ALLOWED = NO;
				CODE_SIGN_STYLE = Automatic;
				GENERATE_INFOPLIST_FILE = YES;
				IPHONEOS_DEPLOYMENT_TARGET = 17.0;
				LD_RUNPATH_SEARCH_PATHS = (
					"$(inherited)",
					"@executable_path/Frameworks",
					"@loader_path/Frameworks",
				);
				PRODUCT_BUNDLE_IDENTIFIER = com.solocompass.tests;
				SDKROOT = iphoneos;
				STOREKIT_CONFIGURATION = SoloCompass/Resources/Configuration.storekit;
				TARGETED_DEVICE_FAMILY = "1,2";
				TEST_HOST = "$(BUILT_PRODUCTS_DIR)/SoloCompass.app/SoloCompass";
			};
			name = Debug;
		};
/* End XCBuildConfiguration section */

/* Begin XCConfigurationList section */
		3C160B36A5D55E784D581845 /* Build configuration list for PBXNativeTarget "SoloCompassTests" */ = {
			isa = XCConfigurationList;
			buildConfigurations = (
				FC84E6D80723B23534997CFF /* Debug */,
				EC82903E674DB84F696F9BD1 /* Release */,
			);
			defaultConfigurationIsVisible = 0;
			defaultConfigurationName = Debug;
		};
		D8CE34EBDDD7AC04D2D5323E /* Build configuration list for PBXProject "SoloCompass" */ = {
			isa = XCConfigurationList;
			buildConfigurations = (
				E1DF9D1D2271A4D2593B54BF /* Debug */,
				A3ABC74647CA0F685A7A776D /* Release */,
			);
			defaultConfigurationIsVisible = 0;
			defaultConfigurationName = Debug;
		};
		E37828983E2D80FD8B06B3E6 /* Build configuration list for PBXNativeTarget "SoloCompass" */ = {
			isa = XCConfigurationList;
			buildConfigurations = (
				B279CD7B71E5F837209E6ED7 /* Debug */,
				96CB10D8184006DA8310F30A /* Release */,
			);
			defaultConfigurationIsVisible = 0;
			defaultConfigurationName = Debug;
		};
/* End XCConfigurationList section */

/* Begin XCRemoteSwiftPackageReference section */
		9CED3AAE0D001036D45C96A4 /* XCRemoteSwiftPackageReference "supabase-swift" */ = {
			isa = XCRemoteSwiftPackageReference;
			repositoryURL = "https://github.com/supabase/supabase-swift";
			requirement = {
				kind = upToNextMajorVersion;
				minimumVersion = 2.0.0;
			};
		};
/* End XCRemoteSwiftPackageReference section */

/* Begin XCSwiftPackageProductDependency section */
		EE5F70FDF5F3A929496EC981 /* Supabase */ = {
			isa = XCSwiftPackageProductDependency;
			package = 9CED3AAE0D001036D45C96A4 /* XCRemoteSwiftPackageReference "supabase-swift" */;
			productName = Supabase;
		};
/* End XCSwiftPackageProductDependency section */
	};
	rootObject = 75685F3A029520F918427CD0 /* Project object */;
}
